
Microsoft Visual Studio Solution File, Format Version 12.00
Project("{FAE04EC0-301F-11D3-BF4B-00C04F79EFBC}") = "UI", "UI\UI.csproj", "{5B765B28-03DF-4F66-A95F-81696B6F40C4}"
EndProject
Project("{FAE04EC0-301F-11D3-BF4B-00C04F79EFBC}") = "Ml", "Ml\Ml.csproj", "{ADD99391-A48F-4437-91D0-B3DA0DB874B2}"
EndProject
Project("{FAE04EC0-301F-11D3-BF4B-00C04F79EFBC}") = "Domain", "Domain\Domain.csproj", "{6A8FCCFE-641D-4740-A6DA-C7150EA07988}"
EndProject
Global
	GlobalSection(SolutionConfigurationPlatforms) = preSolution
		Debug|Any CPU = Debug|Any CPU
		Release|Any CPU = Release|Any CPU
	EndGlobalSection
	GlobalSection(ProjectConfigurationPlatforms) = postSolution
		{5B765B28-03DF-4F66-A95F-81696B6F40C4}.Debug|Any CPU.ActiveCfg = Debug|Any CPU
		{5B765B28-03DF-4F66-A95F-81696B6F40C4}.Debug|Any CPU.Build.0 = Debug|Any CPU
		{5B765B28-03DF-4F66-A95F-81696B6F40C4}.Release|Any CPU.ActiveCfg = Release|Any CPU
		{5B765B28-03DF-4F66-A95F-81696B6F40C4}.Release|Any CPU.Build.0 = Release|Any CPU
		{ADD99391-A48F-4437-91D0-B3DA0DB874B2}.Debug|Any CPU.ActiveCfg = Debug|Any CPU
		{ADD99391-A48F-4437-91D0-B3DA0DB874B2}.Debug|Any CPU.Build.0 = Debug|Any CPU
		{ADD99391-A48F-4437-91D0-B3DA0DB874B2}.Release|Any CPU.ActiveCfg = Release|Any CPU
		{ADD99391-A48F-4437-91D0-B3DA0DB874B2}.Release|Any CPU.Build.0 = Release|Any CPU
		{6A8FCCFE-641D-4740-A6DA-C7150EA07988}.Debug|Any CPU.ActiveCfg = Debug|Any CPU
		{6A8FCCFE-641D-4740-A6DA-C7150EA07988}.Debug|Any CPU.Build.0 = Debug|Any CPU
		{6A8FCCFE-641D-4740-A6DA-C7150EA07988}.Release|Any CPU.ActiveCfg = Release|Any CPU
		{6A8FCCFE-641D-4740-A6DA-C7150EA07988}.Release|Any CPU.Build.0 = Release|Any CPU
	EndGlobalSection
EndGlobal
