
Microsoft Visual Studio Solution File, Format Version 12.00
Project("{FAE04EC0-301F-11D3-BF4B-00C04F79EFBC}") = "Ml", "Ml\Ml.csproj", "{ADD99391-A48F-4437-91D0-B3DA0DB874B2}"
EndProject
Project("{FAE04EC0-301F-11D3-BF4B-00C04F79EFBC}") = "Domain", "Domain\Domain.csproj", "{6A8FCCFE-641D-4740-A6DA-C7150EA07988}"
EndProject
Project("{FAE04EC0-301F-11D3-BF4B-00C04F79EFBC}") = "UI", "UI\UI.csproj", "{FDEB7EC7-B5E7-4ECB-A275-3DF2AD105D42}"
EndProject
Project("{FAE04EC0-301F-11D3-BF4B-00C04F79EFBC}") = "DataProcessing", "DataProcessing\DataProcessing.csproj", "{082DF365-C1A1-4841-B3CA-C17CD6833D28}"
EndProject
Global
	GlobalSection(SolutionConfigurationPlatforms) = preSolution
		Debug|Any CPU = Debug|Any CPU
		Debug|x64 = Debug|x64
		Debug|x86 = Debug|x86
		Release|Any CPU = Release|Any CPU
		Release|x64 = Release|x64
		Release|x86 = Release|x86
	EndGlobalSection
	GlobalSection(ProjectConfigurationPlatforms) = postSolution
		{ADD99391-A48F-4437-91D0-B3DA0DB874B2}.Debug|Any CPU.ActiveCfg = Debug|Any CPU
		{ADD99391-A48F-4437-91D0-B3DA0DB874B2}.Debug|Any CPU.Build.0 = Debug|Any CPU
		{ADD99391-A48F-4437-91D0-B3DA0DB874B2}.Debug|x64.ActiveCfg = Debug|Any CPU
		{ADD99391-A48F-4437-91D0-B3DA0DB874B2}.Debug|x64.Build.0 = Debug|Any CPU
		{ADD99391-A48F-4437-91D0-B3DA0DB874B2}.Debug|x86.ActiveCfg = Debug|Any CPU
		{ADD99391-A48F-4437-91D0-B3DA0DB874B2}.Debug|x86.Build.0 = Debug|Any CPU
		{ADD99391-A48F-4437-91D0-B3DA0DB874B2}.Release|Any CPU.ActiveCfg = Release|Any CPU
		{ADD99391-A48F-4437-91D0-B3DA0DB874B2}.Release|Any CPU.Build.0 = Release|Any CPU
		{ADD99391-A48F-4437-91D0-B3DA0DB874B2}.Release|x64.ActiveCfg = Release|Any CPU
		{ADD99391-A48F-4437-91D0-B3DA0DB874B2}.Release|x64.Build.0 = Release|Any CPU
		{ADD99391-A48F-4437-91D0-B3DA0DB874B2}.Release|x86.ActiveCfg = Release|Any CPU
		{ADD99391-A48F-4437-91D0-B3DA0DB874B2}.Release|x86.Build.0 = Release|Any CPU
		{6A8FCCFE-641D-4740-A6DA-C7150EA07988}.Debug|Any CPU.ActiveCfg = Debug|Any CPU
		{6A8FCCFE-641D-4740-A6DA-C7150EA07988}.Debug|Any CPU.Build.0 = Debug|Any CPU
		{6A8FCCFE-641D-4740-A6DA-C7150EA07988}.Debug|x64.ActiveCfg = Debug|Any CPU
		{6A8FCCFE-641D-4740-A6DA-C7150EA07988}.Debug|x64.Build.0 = Debug|Any CPU
		{6A8FCCFE-641D-4740-A6DA-C7150EA07988}.Debug|x86.ActiveCfg = Debug|Any CPU
		{6A8FCCFE-641D-4740-A6DA-C7150EA07988}.Debug|x86.Build.0 = Debug|Any CPU
		{6A8FCCFE-641D-4740-A6DA-C7150EA07988}.Release|Any CPU.ActiveCfg = Release|Any CPU
		{6A8FCCFE-641D-4740-A6DA-C7150EA07988}.Release|Any CPU.Build.0 = Release|Any CPU
		{6A8FCCFE-641D-4740-A6DA-C7150EA07988}.Release|x64.ActiveCfg = Release|Any CPU
		{6A8FCCFE-641D-4740-A6DA-C7150EA07988}.Release|x64.Build.0 = Release|Any CPU
		{6A8FCCFE-641D-4740-A6DA-C7150EA07988}.Release|x86.ActiveCfg = Release|Any CPU
		{6A8FCCFE-641D-4740-A6DA-C7150EA07988}.Release|x86.Build.0 = Release|Any CPU
		{FDEB7EC7-B5E7-4ECB-A275-3DF2AD105D42}.Debug|Any CPU.ActiveCfg = Debug|Any CPU
		{FDEB7EC7-B5E7-4ECB-A275-3DF2AD105D42}.Debug|Any CPU.Build.0 = Debug|Any CPU
		{FDEB7EC7-B5E7-4ECB-A275-3DF2AD105D42}.Debug|x64.ActiveCfg = Debug|Any CPU
		{FDEB7EC7-B5E7-4ECB-A275-3DF2AD105D42}.Debug|x64.Build.0 = Debug|Any CPU
		{FDEB7EC7-B5E7-4ECB-A275-3DF2AD105D42}.Debug|x86.ActiveCfg = Debug|Any CPU
		{FDEB7EC7-B5E7-4ECB-A275-3DF2AD105D42}.Debug|x86.Build.0 = Debug|Any CPU
		{FDEB7EC7-B5E7-4ECB-A275-3DF2AD105D42}.Release|Any CPU.ActiveCfg = Release|Any CPU
		{FDEB7EC7-B5E7-4ECB-A275-3DF2AD105D42}.Release|Any CPU.Build.0 = Release|Any CPU
		{FDEB7EC7-B5E7-4ECB-A275-3DF2AD105D42}.Release|x64.ActiveCfg = Release|Any CPU
		{FDEB7EC7-B5E7-4ECB-A275-3DF2AD105D42}.Release|x64.Build.0 = Release|Any CPU
		{FDEB7EC7-B5E7-4ECB-A275-3DF2AD105D42}.Release|x86.ActiveCfg = Release|Any CPU
		{FDEB7EC7-B5E7-4ECB-A275-3DF2AD105D42}.Release|x86.Build.0 = Release|Any CPU
		{082DF365-C1A1-4841-B3CA-C17CD6833D28}.Debug|Any CPU.ActiveCfg = Debug|Any CPU
		{082DF365-C1A1-4841-B3CA-C17CD6833D28}.Debug|Any CPU.Build.0 = Debug|Any CPU
		{082DF365-C1A1-4841-B3CA-C17CD6833D28}.Debug|x64.ActiveCfg = Debug|Any CPU
		{082DF365-C1A1-4841-B3CA-C17CD6833D28}.Debug|x64.Build.0 = Debug|Any CPU
		{082DF365-C1A1-4841-B3CA-C17CD6833D28}.Debug|x86.ActiveCfg = Debug|Any CPU
		{082DF365-C1A1-4841-B3CA-C17CD6833D28}.Debug|x86.Build.0 = Debug|Any CPU
		{082DF365-C1A1-4841-B3CA-C17CD6833D28}.Release|Any CPU.ActiveCfg = Release|Any CPU
		{082DF365-C1A1-4841-B3CA-C17CD6833D28}.Release|Any CPU.Build.0 = Release|Any CPU
		{082DF365-C1A1-4841-B3CA-C17CD6833D28}.Release|x64.ActiveCfg = Release|Any CPU
		{082DF365-C1A1-4841-B3CA-C17CD6833D28}.Release|x64.Build.0 = Release|Any CPU
		{082DF365-C1A1-4841-B3CA-C17CD6833D28}.Release|x86.ActiveCfg = Release|Any CPU
		{082DF365-C1A1-4841-B3CA-C17CD6833D28}.Release|x86.Build.0 = Release|Any CPU
	EndGlobalSection
	GlobalSection(SolutionProperties) = preSolution
		HideSolutionNode = FALSE
	EndGlobalSection
EndGlobal
